// !$*UTF8*$!
{
	archiveVersion = 1;
	classes = {
	};
	objectVersion = 77;
	objects = {

/* Begin PBXContainerItemProxy section */
		D3C5D2DD2D71F6FE00DA0BC5 /* PBXContainerItemProxy */ = {
			isa = PBXContainerItemProxy;
			containerPortal = D3C5D2C42D71F6FC00DA0BC5 /* Project object */;
			proxyType = 1;
			remoteGlobalIDString = D3C5D2CB2D71F6FC00DA0BC5;
			remoteInfo = HelloStack;
		};
		D3C5D2E72D71F6FE00DA0BC5 /* PBXContainerItemProxy */ = {
			isa = PBXContainerItemProxy;
			containerPortal = D3C5D2C42D71F6FC00DA0BC5 /* Project object */;
			proxyType = 1;
			remoteGlobalIDString = D3C5D2CB2D71F6FC00DA0BC5;
			remoteInfo = HelloStack;
		};
/* End PBXContainerItemProxy section */

/* Begin PBXFileReference section */
		D3C5D2CC2D71F6FC00DA0BC5 /* HelloStack.app */ = {isa = PBXFileReference; explicitFileType = wrapper.application; includeInIndex = 0; path = HelloStack.app; sourceTree = BUILT_PRODUCTS_DIR; };
		D3C5D2DC2D71F6FE00DA0BC5 /* HelloStackTests.xctest */ = {isa = PBXFileReference; explicitFileType = wrapper.cfbundle; includeInIndex = 0; path = HelloStackTests.xctest; sourceTree = BUILT_PRODUCTS_DIR; };
		D3C5D2E62D71F6FE00DA0BC5 /* HelloStackUITests.xctest */ = {isa = PBXFileReference; explicitFileType = wrapper.cfbundle; includeInIndex = 0; path = HelloStackUITests.xctest; sourceTree = BUILT_PRODUCTS_DIR; };
/* End PBXFileReference section */

/* Begin PBXFileSystemSynchronizedRootGroup section */
		D3C5D2CE2D71F6FC00DA0BC5 /* HelloStack */ = {
			isa = PBXFileSystemSynchronizedRootGroup;
			path = HelloStack;
			sourceTree = "<group>";
		};
		D3C5D2DF2D71F6FE00DA0BC5 /* HelloStackTests */ = {
			isa = PBXFileSystemSynchronizedRootGroup;
			path = HelloStackTests;
			sourceTree = "<group>";
		};
		D3C5D2E92D71F6FE00DA0BC5 /* HelloStackUITests */ = {
			isa = PBXFileSystemSynchronizedRootGroup;
			path = HelloStackUITests;
			sourceTree = "<group>";
		};
/* End PBXFileSystemSynchronizedRootGroup section */

/* Begin PBXFrameworksBuildPhase section */
		D3C5D2C92D71F6FC00DA0BC5 /* Frameworks */ = {
			isa = PBXFrameworksBuildPhase;
			buildActionMask = 2147483647;
			files = (
			);
			runOnlyForDeploymentPostprocessing = 0;
		};
		D3C5D2D92D71F6FE00DA0BC5 /* Frameworks */ = {
			isa = PBXFrameworksBuildPhase;
			buildActionMask = 2147483647;
			files = (
			);
			runOnlyForDeploymentPostprocessing = 0;
		};
		D3C5D2E32D71F6FE00DA0BC5 /* Frameworks */ = {
			isa = PBXFrameworksBuildPhase;
			buildActionMask = 2147483647;
			files = (
			);
			runOnlyForDeploymentPostprocessing = 0;
		};
/* End PBXFrameworksBuildPhase section */

/* Begin PBXGroup section */
		D3C5D2C32D71F6FC00DA0BC5 = {
			isa = PBXGroup;
			children = (
				D3C5D2CE2D71F6FC00DA0BC5 /* HelloStack */,
				D3C5D2DF2D71F6FE00DA0BC5 /* HelloStackTests */,
				D3C5D2E92D71F6FE00DA0BC5 /* HelloStackUITests */,
				D3C5D2CD2D71F6FC00DA0BC5 /* Products */,
			);
			sourceTree = "<group>";
		};
		D3C5D2CD2D71F6FC00DA0BC5 /* Products */ = {
			isa = PBXGroup;
			children = (
				D3C5D2CC2D71F6FC00DA0BC5 /* HelloStack.app */,
				D3C5D2DC2D71F6FE00DA0BC5 /* HelloStackTests.xctest */,
				D3C5D2E62D71F6FE00DA0BC5 /* HelloStackUITests.xctest */,
			);
			name = Products;
			sourceTree = "<group>";
		};
/* End PBXGroup section */

/* Begin PBXNativeTarget section */
		D3C5D2CB2D71F6FC00DA0BC5 /* HelloStack */ = {
			isa = PBXNativeTarget;
			buildConfigurationList = D3C5D2F02D71F6FE00DA0BC5 /* Build configuration list for PBXNativeTarget "HelloStack" */;
			buildPhases = (
				D3C5D2C82D71F6FC00DA0BC5 /* Sources */,
				D3C5D2C92D71F6FC00DA0BC5 /* Frameworks */,
				D3C5D2CA2D71F6FC00DA0BC5 /* Resources */,
			);
			buildRules = (
			);
			dependencies = (
			);
			fileSystemSynchronizedGroups = (
				D3C5D2CE2D71F6FC00DA0BC5 /* HelloStack */,
			);
			name = HelloStack;
			packageProductDependencies = (
			);
			productName = HelloStack;
			productReference = D3C5D2CC2D71F6FC00DA0BC5 /* HelloStack.app */;
			productType = "com.apple.product-type.application";
		};
		D3C5D2DB2D71F6FE00DA0BC5 /* HelloStackTests */ = {
			isa = PBXNativeTarget;
			buildConfigurationList = D3C5D2F32D71F6FE00DA0BC5 /* Build configuration list for PBXNativeTarget "HelloStackTests" */;
			buildPhases = (
				D3C5D2D82D71F6FE00DA0BC5 /* Sources */,
				D3C5D2D92D71F6FE00DA0BC5 /* Frameworks */,
				D3C5D2DA2D71F6FE00DA0BC5 /* Resources */,
			);
			buildRules = (
			);
			dependencies = (
				D3C5D2DE2D71F6FE00DA0BC5 /* PBXTargetDependency */,
			);
			fileSystemSynchronizedGroups = (
				D3C5D2DF2D71F6FE00DA0BC5 /* HelloStackTests */,
			);
			name = HelloStackTests;
			packageProductDependencies = (
			);
			productName = HelloStackTests;
			productReference = D3C5D2DC2D71F6FE00DA0BC5 /* HelloStackTests.xctest */;
			productType = "com.apple.product-type.bundle.unit-test";
		};
		D3C5D2E52D71F6FE00DA0BC5 /* HelloStackUITests */ = {
			isa = PBXNativeTarget;
			buildConfigurationList = D3C5D2F62D71F6FE00DA0BC5 /* Build configuration list for PBXNativeTarget "HelloStackUITests" */;
			buildPhases = (
				D3C5D2E22D71F6FE00DA0BC5 /* Sources */,
				D3C5D2E32D71F6FE00DA0BC5 /* Frameworks */,
				D3C5D2E42D71F6FE00DA0BC5 /* Resources */,
			);
			buildRules = (
			);
			dependencies = (
				D3C5D2E82D71F6FE00DA0BC5 /* PBXTargetDependency */,
			);
			fileSystemSynchronizedGroups = (
				D3C5D2E92D71F6FE00DA0BC5 /* HelloStackUITests */,
			);
			name = HelloStackUITests;
			packageProductDependencies = (
			);
			productName = HelloStackUITests;
			productReference = D3C5D2E62D71F6FE00DA0BC5 /* HelloStackUITests.xctest */;
			productType = "com.apple.product-type.bundle.ui-testing";
		};
/* End PBXNativeTarget section */

/* Begin PBXProject section */
		D3C5D2C42D71F6FC00DA0BC5 /* Project object */ = {
			isa = PBXProject;
			attributes = {
				BuildIndependentTargetsInParallel = 1;
				LastSwiftUpdateCheck = 1620;
				LastUpgradeCheck = 1620;
				TargetAttributes = {
					D3C5D2CB2D71F6FC00DA0BC5 = {
						CreatedOnToolsVersion = 16.2;
					};
					D3C5D2DB2D71F6FE00DA0BC5 = {
						CreatedOnToolsVersion = 16.2;
						TestTargetID = D3C5D2CB2D71F6FC00DA0BC5;
					};
					D3C5D2E52D71F6FE00DA0BC5 = {
						CreatedOnToolsVersion = 16.2;
						TestTargetID = D3C5D2CB2D71F6FC00DA0BC5;
					};
				};
			};
			buildConfigurationList = D3C5D2C72D71F6FC00DA0BC5 /* Build configuration list for PBXProject "HelloStack" */;
			developmentRegion = en;
			hasScannedForEncodings = 0;
			knownRegions = (
				en,
				Base,
			);
			mainGroup = D3C5D2C32D71F6FC00DA0BC5;
			minimizedProjectReferenceProxies = 1;
			preferredProjectObjectVersion = 77;
			productRefGroup = D3C5D2CD2D71F6FC00DA0BC5 /* Products */;
			projectDirPath = "";
			projectRoot = "";
			targets = (
				D3C5D2CB2D71F6FC00DA0BC5 /* HelloStack */,
				D3C5D2DB2D71F6FE00DA0BC5 /* HelloStackTests */,
				D3C5D2E52D71F6FE00DA0BC5 /* HelloStackUITests */,
			);
		};
/* End PBXProject section */

/* Begin PBXResourcesBuildPhase section */
		D3C5D2CA2D71F6FC00DA0BC5 /* Resources */ = {
			isa = PBXResourcesBuildPhase;
			buildActionMask = 2147483647;
			files = (
			);
			runOnlyForDeploymentPostprocessing = 0;
		};
		D3C5D2DA2D71F6FE00DA0BC5 /* Resources */ = {
			isa = PBXResourcesBuildPhase;
			buildActionMask = 2147483647;
			files = (
			);
			runOnlyForDeploymentPostprocessing = 0;
		};
		D3C5D2E42D71F6FE00DA0BC5 /* Resources */ = {
			isa = PBXResourcesBuildPhase;
			buildActionMask = 2147483647;
			files = (
			);
			runOnlyForDeploymentPostprocessing = 0;
		};
/* End PBXResourcesBuildPhase section */

/* Begin PBXSourcesBuildPhase section */
		D3C5D2C82D71F6FC00DA0BC5 /* Sources */ = {
			isa = PBXSourcesBuildPhase;
			buildActionMask = 2147483647;
			files = (
			);
			runOnlyForDeploymentPostprocessing = 0;
		};
		D3C5D2D82D71F6FE00DA0BC5 /* Sources */ = {
			isa = PBXSourcesBuildPhase;
			buildActionMask = 2147483647;
			files = (
			);
			runOnlyForDeploymentPostprocessing = 0;
		};
		D3C5D2E22D71F6FE00DA0BC5 /* Sources */ = {
			isa = PBXSourcesBuildPhase;
			buildActionMask = 2147483647;
			files = (
			);
			runOnlyForDeploymentPostprocessing = 0;
		};
/* End PBXSourcesBuildPhase section */

/* Begin PBXTargetDependency section */
		D3C5D2DE2D71F6FE00DA0BC5 /* PBXTargetDependency */ = {
			isa = PBXTargetDependency;
			target = D3C5D2CB2D71F6FC00DA0BC5 /* HelloStack */;
			targetProxy = D3C5D2DD2D71F6FE00DA0BC5 /* PBXContainerItemProxy */;
		};
		D3C5D2E82D71F6FE00DA0BC5 /* PBXTargetDependency */ = {
			isa = PBXTargetDependency;
			target = D3C5D2CB2D71F6FC00DA0BC5 /* HelloStack */;
			targetProxy = D3C5D2E72D71F6FE00DA0BC5 /* PBXContainerItemProxy */;
		};
/* End PBXTargetDependency section */

/* Begin XCBuildConfiguration section */
		D3C5D2EE2D71F6FE00DA0BC5 /* Debug */ = {
			isa = XCBuildConfiguration;
			buildSettings = {
				ALWAYS_SEARCH_USER_PATHS = NO;
				ASSETCATALOG_COMPILER_GENERATE_SWIFT_ASSET_SYMBOL_EXTENSIONS = YES;
				CLANG_ANALYZER_NONNULL = YES;
				CLANG_ANALYZER_NUMBER_OBJECT_CONVERSION = YES_AGGRESSIVE;
				CLANG_CXX_LANGUAGE_STANDARD = "gnu++20";
				CLANG_ENABLE_MODULES = YES;
				CLANG_ENABLE_OBJC_ARC = YES;
				CLANG_ENABLE_OBJC_WEAK = YES;
				CLANG_WARN_BLOCK_CAPTURE_AUTORELEASING = YES;
				CLANG_WARN_BOOL_CONVERSION = YES;
				CLANG_WARN_COMMA = YES;
				CLANG_WARN_CONSTANT_CONVERSION = YES;
				CLANG_WARN_DEPRECATED_OBJC_IMPLEMENTATIONS = YES;
				CLANG_WARN_DIRECT_OBJC_ISA_USAGE = YES_ERROR;
				CLANG_WARN_DOCUMENTATION_COMMENTS = YES;
				CLANG_WARN_EMPTY_BODY = YES;
				CLANG_WARN_ENUM_CONVERSION = YES;
				CLANG_WARN_INFINITE_RECURSION = YES;
				CLANG_WARN_INT_CONVERSION = YES;
				CLANG_WARN_NON_LITERAL_NULL_CONVERSION = YES;
				CLANG_WARN_OBJC_IMPLICIT_RETAIN_SELF = YES;
				CLANG_WARN_OBJC_LITERAL_CONVERSION = YES;
				CLANG_WARN_OBJC_ROOT_CLASS = YES_ERROR;
				CLANG_WARN_QUOTED_INCLUDE_IN_FRAMEWORK_HEADER = YES;
				CLANG_WARN_RANGE_LOOP_ANALYSIS = YES;
				CLANG_WARN_STRICT_PROTOTYPES = YES;
				CLANG_WARN_SUSPICIOUS_MOVE = YES;
				CLANG_WARN_UNGUARDED_AVAILABILITY = YES_AGGRESSIVE;
				CLANG_WARN_UNREACHABLE_CODE = YES;
				CLANG_WARN__DUPLICATE_METHOD_MATCH = YES;
				COPY_PHASE_STRIP = NO;
				DEBUG_INFORMATION_FORMAT = dwarf;
				ENABLE_STRICT_OBJC_MSGSEND = YES;
				ENABLE_TESTABILITY = YES;
				ENABLE_USER_SCRIPT_SANDBOXING = YES;
				GCC_C_LANGUAGE_STANDARD = gnu17;
				GCC_DYNAMIC_NO_PIC = NO;
				GCC_NO_COMMON_BLOCKS = YES;
				GCC_OPTIMIZATION_LEVEL = 0;
				GCC_PREPROCESSOR_DEFINITIONS = (
					"DEBUG=1",
					"$(inherited)",
				);
				GCC_WARN_64_TO_32_BIT_CONVERSION = YES;
				GCC_WARN_ABOUT_RETURN_TYPE = YES_ERROR;
				GCC_WARN_UNDECLARED_SELECTOR = YES;
				GCC_WARN_UNINITIALIZED_AUTOS = YES_AGGRESSIVE;
				GCC_WARN_UNUSED_FUNCTION = YES;
				GCC_WARN_UNUSED_VARIABLE = YES;
				IPHONEOS_DEPLOYMENT_TARGET = 18.2;
				LOCALIZATION_PREFERS_STRING_CATALOGS = YES;
				MTL_ENABLE_DEBUG_INFO = INCLUDE_SOURCE;
				MTL_FAST_MATH = YES;
				ONLY_ACTIVE_ARCH = YES;
				SDKROOT = iphoneos;
				SWIFT_ACTIVE_COMPILATION_CONDITIONS = "DEBUG $(inherited)";
				SWIFT_OPTIMIZATION_LEVEL = "-Onone";
			};
			name = Debug;
		};
		D3C5D2EF2D71F6FE00DA0BC5 /* Release */ = {
			isa = XCBuildConfiguration;
			buildSettings = {
				ALWAYS_SEARCH_USER_PATHS = NO;
				ASSETCATALOG_COMPILER_GENERATE_SWIFT_ASSET_SYMBOL_EXTENSIONS = YES;
				CLANG_ANALYZER_NONNULL = YES;
				CLANG_ANALYZER_NUMBER_OBJECT_CONVERSION = YES_AGGRESSIVE;
				CLANG_CXX_LANGUAGE_STANDARD = "gnu++20";
				CLANG_ENABLE_MODULES = YES;
				CLANG_ENABLE_OBJC_ARC = YES;
				CLANG_ENABLE_OBJC_WEAK = YES;
				CLANG_WARN_BLOCK_CAPTURE_AUTORELEASING = YES;
				CLANG_WARN_BOOL_CONVERSION = YES;
				CLANG_WARN_COMMA = YES;
				CLANG_WARN_CONSTANT_CONVERSION = YES;
				CLANG_WARN_DEPRECATED_OBJC_IMPLEMENTATIONS = YES;
				CLANG_WARN_DIRECT_OBJC_ISA_USAGE = YES_ERROR;
				CLANG_WARN_DOCUMENTATION_COMMENTS = YES;
				CLANG_WARN_EMPTY_BODY = YES;
				CLANG_WARN_ENUM_CONVERSION = YES;
				CLANG_WARN_INFINITE_RECURSION = YES;
				CLANG_WARN_INT_CONVERSION = YES;
				CLANG_WARN_NON_LITERAL_NULL_CONVERSION = YES;
				CLANG_WARN_OBJC_IMPLICIT_RETAIN_SELF = YES;
				CLANG_WARN_OBJC_LITERAL_CONVERSION = YES;
				CLANG_WARN_OBJC_ROOT_CLASS = YES_ERROR;
				CLANG_WARN_QUOTED_INCLUDE_IN_FRAMEWORK_HEADER = YES;
				CLANG_WARN_RANGE_LOOP_ANALYSIS = YES;
				CLANG_WARN_STRICT_PROTOTYPES = YES;
				CLANG_WARN_SUSPICIOUS_MOVE = YES;
				CLANG_WARN_UNGUARDED_AVAILABILITY = YES_AGGRESSIVE;
				CLANG_WARN_UNREACHABLE_CODE = YES;
				CLANG_WARN__DUPLICATE_METHOD_MATCH = YES;
				COPY_PHASE_STRIP = NO;
				DEBUG_INFORMATION_FORMAT = "dwarf-with-dsym";
				ENABLE_NS_ASSERTIONS = NO;
				ENABLE_STRICT_OBJC_MSGSEND = YES;
				ENABLE_USER_SCRIPT_SANDBOXING = YES;
				GCC_C_LANGUAGE_STANDARD = gnu17;
				GCC_NO_COMMON_BLOCKS = YES;
				GCC_WARN_64_TO_32_BIT_CONVERSION = YES;
				GCC_WARN_ABOUT_RETURN_TYPE = YES_ERROR;
				GCC_WARN_UNDECLARED_SELECTOR = YES;
				GCC_WARN_UNINITIALIZED_AUTOS = YES_AGGRESSIVE;
				GCC_WARN_UNUSED_FUNCTION = YES;
				GCC_WARN_UNUSED_VARIABLE = YES;
				IPHONEOS_DEPLOYMENT_TARGET = 18.2;
				LOCALIZATION_PREFERS_STRING_CATALOGS = YES;
				MTL_ENABLE_DEBUG_INFO = NO;
				MTL_FAST_MATH = YES;
				SDKROOT = iphoneos;
				SWIFT_COMPILATION_MODE = wholemodule;
				VALIDATE_PRODUCT = YES;
			};
			name = Release;
		};
		D3C5D2F12D71F6FE00DA0BC5 /* Debug */ = {
			isa = XCBuildConfiguration;
			buildSettings = {
				ASSETCATALOG_COMPILER_APPICON_NAME = AppIcon;
				ASSETCATALOG_COMPILER_GLOBAL_ACCENT_COLOR_NAME = AccentColor;
				CODE_SIGN_STYLE = Automatic;
				CURRENT_PROJECT_VERSION = 1;
				DEVELOPMENT_ASSET_PATHS = "\"HelloStack/Preview Content\"";
				DEVELOPMENT_TEAM = V3DU55APJK;
				ENABLE_PREVIEWS = YES;
				GENERATE_INFOPLIST_FILE = YES;
				INFOPLIST_KEY_UIApplicationSceneManifest_Generation = YES;
				INFOPLIST_KEY_UIApplicationSupportsIndirectInputEvents = YES;
				INFOPLIST_KEY_UILaunchScreen_Generation = YES;
				INFOPLIST_KEY_UISupportedInterfaceOrientations_iPad = "UIInterfaceOrientationPortrait UIInterfaceOrientationPortraitUpsideDown UIInterfaceOrientationLandscapeLeft UIInterfaceOrientationLandscapeRight";
				INFOPLIST_KEY_UISupportedInterfaceOrientations_iPhone = "UIInterfaceOrientationPortrait UIInterfaceOrientationLandscapeLeft UIInterfaceOrientationLandscapeRight";
				LD_RUNPATH_SEARCH_PATHS = (
					"$(inherited)",
					"@executable_path/Frameworks",
				);
				MARKETING_VERSION = 1.0;
				PRODUCT_BUNDLE_IDENTIFIER = com.renren.HelloStack;
				PRODUCT_NAME = "$(TARGET_NAME)";
				SWIFT_EMIT_LOC_STRINGS = YES;
				SWIFT_VERSION = 5.0;
				TARGETED_DEVICE_FAMILY = "1,2";
			};
			name = Debug;
		};
		D3C5D2F22D71F6FE00DA0BC5 /* Release */ = {
			isa = XCBuildConfiguration;
			buildSettings = {
				ASSETCATALOG_COMPILER_APPICON_NAME = AppIcon;
				ASSETCATALOG_COMPILER_GLOBAL_ACCENT_COLOR_NAME = AccentColor;
				CODE_SIGN_STYLE = Automatic;
				CURRENT_PROJECT_VERSION = 1;
				DEVELOPMENT_ASSET_PATHS = "\"HelloStack/Preview Content\"";
				DEVELOPMENT_TEAM = V3DU55APJK;
				ENABLE_PREVIEWS = YES;
				GENERATE_INFOPLIST_FILE = YES;
				INFOPLIST_KEY_UIApplicationSceneManifest_Generation = YES;
				INFOPLIST_KEY_UIApplicationSupportsIndirectInputEvents = YES;
				INFOPLIST_KEY_UILaunchScreen_Generation = YES;
				INFOPLIST_KEY_UISupportedInterfaceOrientations_iPad = "UIInterfaceOrientationPortrait UIInterfaceOrientationPortraitUpsideDown UIInterfaceOrientationLandscapeLeft UIInterfaceOrientationLandscapeRight";
				INFOPLIST_KEY_UISupportedInterfaceOrientations_iPhone = "UIInterfaceOrientationPortrait UIInterfaceOrientationLandscapeLeft UIInterfaceOrientationLandscapeRight";
				LD_RUNPATH_SEARCH_PATHS = (
					"$(inherited)",
					"@executable_path/Frameworks",
				);
				MARKETING_VERSION = 1.0;
				PRODUCT_BUNDLE_IDENTIFIER = com.renren.HelloStack;
				PRODUCT_NAME = "$(TARGET_NAME)";
				SWIFT_EMIT_LOC_STRINGS = YES;
				SWIFT_VERSION = 5.0;
				TARGETED_DEVICE_FAMILY = "1,2";
			};
			name = Release;
		};
		D3C5D2F42D71F6FE00DA0BC5 /* Debug */ = {
			isa = XCBuildConfiguration;
			buildSettings = {
				BUNDLE_LOADER = "$(TEST_HOST)";
				CODE_SIGN_STYLE = Automatic;
				CURRENT_PROJECT_VERSION = 1;
				DEVELOPMENT_TEAM = V3DU55APJK;
				GENERATE_INFOPLIST_FILE = YES;
				IPHONEOS_DEPLOYMENT_TARGET = 18.2;
				MARKETING_VERSION = 1.0;
				PRODUCT_BUNDLE_IDENTIFIER = com.renren.HelloStackTests;
				PRODUCT_NAME = "$(TARGET_NAME)";
				SWIFT_EMIT_LOC_STRINGS = NO;
				SWIFT_VERSION = 5.0;
				TARGETED_DEVICE_FAMILY = "1,2";
				TEST_HOST = "$(BUILT_PRODUCTS_DIR)/HelloStack.app/$(BUNDLE_EXECUTABLE_FOLDER_PATH)/HelloStack";
			};
			name = Debug;
		};
		D3C5D2F52D71F6FE00DA0BC5 /* Release */ = {
			isa = XCBuildConfiguration;
			buildSettings = {
				BUNDLE_LOADER = "$(TEST_HOST)";
				CODE_SIGN_STYLE = Automatic;
				CURRENT_PROJECT_VERSION = 1;
				DEVELOPMENT_TEAM = V3DU55APJK;
				GENERATE_INFOPLIST_FILE = YES;
				IPHONEOS_DEPLOYMENT_TARGET = 18.2;
				MARKETING_VERSION = 1.0;
				PRODUCT_BUNDLE_IDENTIFIER = com.renren.HelloStackTests;
				PRODUCT_NAME = "$(TARGET_NAME)";
				SWIFT_EMIT_LOC_STRINGS = NO;
				SWIFT_VERSION = 5.0;
				TARGETED_DEVICE_FAMILY = "1,2";
				TEST_HOST = "$(BUILT_PRODUCTS_DIR)/HelloStack.app/$(BUNDLE_EXECUTABLE_FOLDER_PATH)/HelloStack";
			};
			name = Release;
		};
		D3C5D2F72D71F6FE00DA0BC5 /* Debug */ = {
			isa = XCBuildConfiguration;
			buildSettings = {
				CODE_SIGN_STYLE = Automatic;
				CURRENT_PROJECT_VERSION = 1;
				DEVELOPMENT_TEAM = V3DU55APJK;
				GENERATE_INFOPLIST_FILE = YES;
				MARKETING_VERSION = 1.0;
				PRODUCT_BUNDLE_IDENTIFIER = com.renren.HelloStackUITests;
				PRODUCT_NAME = "$(TARGET_NAME)";
				SWIFT_EMIT_LOC_STRINGS = NO;
				SWIFT_VERSION = 5.0;
				TARGETED_DEVICE_FAMILY = "1,2";
				TEST_TARGET_NAME = HelloStack;
			};
			name = Debug;
		};
		D3C5D2F82D71F6FE00DA0BC5 /* Release */ = {
			isa = XCBuildConfiguration;
			buildSettings = {
				CODE_SIGN_STYLE = Automatic;
				CURRENT_PROJECT_VERSION = 1;
				DEVELOPMENT_TEAM = V3DU55APJK;
				GENERATE_INFOPLIST_FILE = YES;
				MARKETING_VERSION = 1.0;
				PRODUCT_BUNDLE_IDENTIFIER = com.renren.HelloStackUITests;
				PRODUCT_NAME = "$(TARGET_NAME)";
				SWIFT_EMIT_LOC_STRINGS = NO;
				SWIFT_VERSION = 5.0;
				TARGETED_DEVICE_FAMILY = "1,2";
				TEST_TARGET_NAME = HelloStack;
			};
			name = Release;
		};
/* End XCBuildConfiguration section */

/* Begin XCConfigurationList section */
		D3C5D2C72D71F6FC00DA0BC5 /* Build configuration list for PBXProject "HelloStack" */ = {
			isa = XCConfigurationList;
			buildConfigurations = (
				D3C5D2EE2D71F6FE00DA0BC5 /* Debug */,
				D3C5D2EF2D71F6FE00DA0BC5 /* Release */,
			);
			defaultConfigurationIsVisible = 0;
			defaultConfigurationName = Release;
		};
		D3C5D2F02D71F6FE00DA0BC5 /* Build configuration list for PBXNativeTarget "HelloStack" */ = {
			isa = XCConfigurationList;
			buildConfigurations = (
				D3C5D2F12D71F6FE00DA0BC5 /* Debug */,
				D3C5D2F22D71F6FE00DA0BC5 /* Release */,
			);
			defaultConfigurationIsVisible = 0;
			defaultConfigurationName = Release;
		};
		D3C5D2F32D71F6FE00DA0BC5 /* Build configuration list for PBXNativeTarget "HelloStackTests" */ = {
			isa = XCConfigurationList;
			buildConfigurations = (
				D3C5D2F42D71F6FE00DA0BC5 /* Debug */,
				D3C5D2F52D71F6FE00DA0BC5 /* Release */,
			);
			defaultConfigurationIsVisible = 0;
			defaultConfigurationName = Release;
		};
		D3C5D2F62D71F6FE00DA0BC5 /* Build configuration list for PBXNativeTarget "HelloStackUITests" */ = {
			isa = XCConfigurationList;
			buildConfigurations = (
				D3C5D2F72D71F6FE00DA0BC5 /* Debug */,
				D3C5D2F82D71F6FE00DA0BC5 /* Release */,
			);
			defaultConfigurationIsVisible = 0;
			defaultConfigurationName = Release;
		};
/* End XCConfigurationList section */
	};
	rootObject = D3C5D2C42D71F6FC00DA0BC5 /* Project object */;
}
